
Microsoft Visual Studio Solution File, Format Version 12.00
# Visual Studio 15
VisualStudioVersion = 15.0.27428.2043
MinimumVisualStudioVersion = 10.0.40219.1
Project("{FAE04EC0-301F-11D3-BF4B-00C04F79EFBC}") = "ArduinoTests", "ArduinoTests\ArduinoTests.csproj", "{60DEA4BB-F601-441F-95BC-2DEB8DE94881}"
EndProject
Global
	GlobalSection(SolutionConfigurationPlatforms) = preSolution
		Debug|Any CPU = Debug|Any CPU
		Release|Any CPU = Release|Any CPU
	EndGlobalSection
	GlobalSection(ProjectConfigurationPlatforms) = postSolution
		{60DEA4BB-F601-441F-95BC-2DEB8DE94881}.Debug|Any CPU.ActiveCfg = Debug|Any CPU
		{60DEA4BB-F601-441F-95BC-2DEB8DE94881}.Debug|Any CPU.Build.0 = Debug|Any CPU
		{60DEA4BB-F601-441F-95BC-2DEB8DE94881}.Release|Any CPU.ActiveCfg = Release|Any CPU
		{60DEA4BB-F601-441F-95BC-2DEB8DE94881}.Release|Any CPU.Build.0 = Release|Any CPU
	EndGlobalSection
	GlobalSection(SolutionProperties) = preSolution
		HideSolutionNode = FALSE
	EndGlobalSection
	GlobalSection(ExtensibilityGlobals) = postSolution
		SolutionGuid = {CF0CE298-97D6-43C4-BDCA-3315EA4B90CC}
	EndGlobalSection
EndGlobal
